
Microsoft Visual Studio Solution File, Format Version 12.00
# Visual Studio 15
VisualStudioVersion = 15.0.27428.2037
MinimumVisualStudioVersion = 10.0.40219.1
Project("{888888A0-9F3D-457C-B088-3A5042F75D52}") = "PyServer", "..\PyServer\PyServer.pyproj", "{783702FC-66F8-44E5-A950-27270A269CD4}"
EndProject
Global
	GlobalSection(SolutionConfigurationPlatforms) = preSolution
		Debug|Any CPU = Debug|Any CPU
		Release|Any CPU = Release|Any CPU
	EndGlobalSection
	GlobalSection(ProjectConfigurationPlatforms) = postSolution
		{783702FC-66F8-44E5-A950-27270A269CD4}.Debug|Any CPU.ActiveCfg = Debug|Any CPU
		{783702FC-66F8-44E5-A950-27270A269CD4}.Release|Any CPU.ActiveCfg = Release|Any CPU
	EndGlobalSection
	GlobalSection(SolutionProperties) = preSolution
		HideSolutionNode = FALSE
	EndGlobalSection
	GlobalSection(ExtensibilityGlobals) = postSolution
		SolutionGuid = {42DB73DE-BFC2-4602-BF7C-AB748C25E142}
	EndGlobalSection
EndGlobal
